
Microsoft Visual Studio Solution File, Format Version 12.00
# Visual Studio Version 17
VisualStudioVersion = 17.4.33110.190
MinimumVisualStudioVersion = 10.0.40219.1
Project("{9A19103F-16F7-4668-BE54-9A1E7A4F7556}") = "WebClient", "WebClient\WebClient.csproj", "{0E863384-F065-4FB4-BB0F-453E42069DB0}"
EndProject
Project("{9A19103F-16F7-4668-BE54-9A1E7A4F7556}") = "AdvancedRepositories.Core", "AdvancedRepositories.Core\AdvancedRepositories.Core.csproj", "{D5B5EDEF-9F3A-42F9-8DA6-2E6AB02A205B}"
EndProject
Project("{2150E333-8FDC-42A3-9474-1A3956D46DE8}") = "example", "example", "{FFA13A4F-A956-424C-B178-B352BC50F43C}"
EndProject
Project("{2150E333-8FDC-42A3-9474-1A3956D46DE8}") = "src", "src", "{41F1A2F8-085A-4437-A381-CCCEB406C644}"
EndProject
Project("{2150E333-8FDC-42A3-9474-1A3956D46DE8}") = "tests", "tests", "{D9AE2705-5A13-4CA1-9DFC-5CEEB90E4023}"
EndProject
Project("{9A19103F-16F7-4668-BE54-9A1E7A4F7556}") = "AdvancedRepositories.Core.Tests", "AdvancedRepositories.Core.Tests\AdvancedRepositories.Core.Tests.csproj", "{6FB9CAD5-DC05-45F2-B24D-1033224EFAB7}"
EndProject
Global
	GlobalSection(SolutionConfigurationPlatforms) = preSolution
		Debug|Any CPU = Debug|Any CPU
		PackNuget|Any CPU = PackNuget|Any CPU
		Release|Any CPU = Release|Any CPU
	EndGlobalSection
	GlobalSection(ProjectConfigurationPlatforms) = postSolution
		{0E863384-F065-4FB4-BB0F-453E42069DB0}.Debug|Any CPU.ActiveCfg = Debug|Any CPU
		{0E863384-F065-4FB4-BB0F-453E42069DB0}.Debug|Any CPU.Build.0 = Debug|Any CPU
		{0E863384-F065-4FB4-BB0F-453E42069DB0}.PackNuget|Any CPU.ActiveCfg = PackNuget|Any CPU
		{0E863384-F065-4FB4-BB0F-453E42069DB0}.Release|Any CPU.ActiveCfg = Release|Any CPU
		{0E863384-F065-4FB4-BB0F-453E42069DB0}.Release|Any CPU.Build.0 = Release|Any CPU
		{D5B5EDEF-9F3A-42F9-8DA6-2E6AB02A205B}.Debug|Any CPU.ActiveCfg = Debug|Any CPU
		{D5B5EDEF-9F3A-42F9-8DA6-2E6AB02A205B}.Debug|Any CPU.Build.0 = Debug|Any CPU
		{D5B5EDEF-9F3A-42F9-8DA6-2E6AB02A205B}.PackNuget|Any CPU.ActiveCfg = PackNuget|Any CPU
		{D5B5EDEF-9F3A-42F9-8DA6-2E6AB02A205B}.PackNuget|Any CPU.Build.0 = PackNuget|Any CPU
		{D5B5EDEF-9F3A-42F9-8DA6-2E6AB02A205B}.Release|Any CPU.ActiveCfg = Release|Any CPU
		{D5B5EDEF-9F3A-42F9-8DA6-2E6AB02A205B}.Release|Any CPU.Build.0 = Release|Any CPU
		{6FB9CAD5-DC05-45F2-B24D-1033224EFAB7}.Debug|Any CPU.ActiveCfg = Debug|Any CPU
		{6FB9CAD5-DC05-45F2-B24D-1033224EFAB7}.Debug|Any CPU.Build.0 = Debug|Any CPU
		{6FB9CAD5-DC05-45F2-B24D-1033224EFAB7}.PackNuget|Any CPU.ActiveCfg = Debug|Any CPU
		{6FB9CAD5-DC05-45F2-B24D-1033224EFAB7}.PackNuget|Any CPU.Build.0 = Debug|Any CPU
		{6FB9CAD5-DC05-45F2-B24D-1033224EFAB7}.Release|Any CPU.ActiveCfg = Release|Any CPU
		{6FB9CAD5-DC05-45F2-B24D-1033224EFAB7}.Release|Any CPU.Build.0 = Release|Any CPU
	EndGlobalSection
	GlobalSection(SolutionProperties) = preSolution
		HideSolutionNode = FALSE
	EndGlobalSection
	GlobalSection(NestedProjects) = preSolution
		{0E863384-F065-4FB4-BB0F-453E42069DB0} = {FFA13A4F-A956-424C-B178-B352BC50F43C}
		{D5B5EDEF-9F3A-42F9-8DA6-2E6AB02A205B} = {41F1A2F8-085A-4437-A381-CCCEB406C644}
		{6FB9CAD5-DC05-45F2-B24D-1033224EFAB7} = {D9AE2705-5A13-4CA1-9DFC-5CEEB90E4023}
	EndGlobalSection
	GlobalSection(ExtensibilityGlobals) = postSolution
		SolutionGuid = {90D51417-4312-40F3-8DE5-15F98FF18D5F}
	EndGlobalSection
EndGlobal
